
Microsoft Visual Studio Solution File, Format Version 12.00
# Visual Studio 15
VisualStudioVersion = 15.0.28307.271
MinimumVisualStudioVersion = 10.0.40219.1
Project("{9A19103F-16F7-4668-BE54-9A1E7A4F7556}") = "VideoOD.UI", "VideoOD.UI\VideoOD.UI.csproj", "{879D034A-FEE1-4D32-8D0C-AE658C273DCF}"
EndProject
Project("{9A19103F-16F7-4668-BE54-9A1E7A4F7556}") = "VideoOD.Data", "VideoOD.Data\VideoOD.Data.csproj", "{8FE3C29A-5A92-4D7F-951F-1450036AE479}"
EndProject
Project("{9A19103F-16F7-4668-BE54-9A1E7A4F7556}") = "VideoOD.Admin", "VideoOD.Admin\VideoOD.Admin.csproj", "{D2522861-DF65-4800-8B81-5DA7E586CE1D}"
EndProject
Global
	GlobalSection(SolutionConfigurationPlatforms) = preSolution
		Debug|Any CPU = Debug|Any CPU
		Release|Any CPU = Release|Any CPU
	EndGlobalSection
	GlobalSection(ProjectConfigurationPlatforms) = postSolution
		{879D034A-FEE1-4D32-8D0C-AE658C273DCF}.Debug|Any CPU.ActiveCfg = Debug|Any CPU
		{879D034A-FEE1-4D32-8D0C-AE658C273DCF}.Debug|Any CPU.Build.0 = Debug|Any CPU
		{879D034A-FEE1-4D32-8D0C-AE658C273DCF}.Release|Any CPU.ActiveCfg = Release|Any CPU
		{879D034A-FEE1-4D32-8D0C-AE658C273DCF}.Release|Any CPU.Build.0 = Release|Any CPU
		{8FE3C29A-5A92-4D7F-951F-1450036AE479}.Debug|Any CPU.ActiveCfg = Debug|Any CPU
		{8FE3C29A-5A92-4D7F-951F-1450036AE479}.Debug|Any CPU.Build.0 = Debug|Any CPU
		{8FE3C29A-5A92-4D7F-951F-1450036AE479}.Release|Any CPU.ActiveCfg = Release|Any CPU
		{8FE3C29A-5A92-4D7F-951F-1450036AE479}.Release|Any CPU.Build.0 = Release|Any CPU
		{D2522861-DF65-4800-8B81-5DA7E586CE1D}.Debug|Any CPU.ActiveCfg = Debug|Any CPU
		{D2522861-DF65-4800-8B81-5DA7E586CE1D}.Debug|Any CPU.Build.0 = Debug|Any CPU
		{D2522861-DF65-4800-8B81-5DA7E586CE1D}.Release|Any CPU.ActiveCfg = Release|Any CPU
		{D2522861-DF65-4800-8B81-5DA7E586CE1D}.Release|Any CPU.Build.0 = Release|Any CPU
	EndGlobalSection
	GlobalSection(SolutionProperties) = preSolution
		HideSolutionNode = FALSE
	EndGlobalSection
	GlobalSection(ExtensibilityGlobals) = postSolution
		SolutionGuid = {CEDF2221-E3DC-4BC5-902B-B245D21F69A3}
	EndGlobalSection
EndGlobal
